
Microsoft Visual Studio Solution File, Format Version 12.00
# Visual Studio Version 17
VisualStudioVersion = 17.0.31903.59
MinimumVisualStudioVersion = 10.0.40219.1
Project("{FAE04EC0-301F-11D3-BF4B-00C04F79EFBC}") = "Prode2022WASM", "Prode2022WASM\Prode2022WASM.csproj", "{4A04B926-C2A1-4461-A69C-43680B8CAEEF}"
EndProject
Global
	GlobalSection(SolutionConfigurationPlatforms) = preSolution
		Debug|Any CPU = Debug|Any CPU
		Release|Any CPU = Release|Any CPU
	EndGlobalSection
	GlobalSection(ProjectConfigurationPlatforms) = postSolution
		{4A04B926-C2A1-4461-A69C-43680B8CAEEF}.Debug|Any CPU.ActiveCfg = Debug|Any CPU
		{4A04B926-C2A1-4461-A69C-43680B8CAEEF}.Debug|Any CPU.Build.0 = Debug|Any CPU
		{4A04B926-C2A1-4461-A69C-43680B8CAEEF}.Release|Any CPU.ActiveCfg = Release|Any CPU
		{4A04B926-C2A1-4461-A69C-43680B8CAEEF}.Release|Any CPU.Build.0 = Release|Any CPU
	EndGlobalSection
	GlobalSection(SolutionProperties) = preSolution
		HideSolutionNode = FALSE
	EndGlobalSection
	GlobalSection(ExtensibilityGlobals) = postSolution
		SolutionGuid = {4D29630E-CA19-4063-86B5-E0B652A87223}
	EndGlobalSection
EndGlobal
